// !$*UTF8*$!
{
	archiveVersion = 1;
	classes = {
	};
	objectVersion = 46;
	objects = {

/* Begin PBXBuildFile section */
		6D75F0FB75F86018E3E13353 /* Pods_Social.framework in Frameworks */ = {isa = PBXBuildFile; fileRef = B8DBB5BE27929DC75A829C30 /* Pods_Social.framework */; };
		A92400C01DCD0CEB0034752C /* AppDelegate.swift in Sources */ = {isa = PBXBuildFile; fileRef = A92400BF1DCD0CEB0034752C /* AppDelegate.swift */; };
		A92400C21DCD0CEB0034752C /* SignInVC.swift in Sources */ = {isa = PBXBuildFile; fileRef = A92400C11DCD0CEB0034752C /* SignInVC.swift */; };
		A92400C51DCD0CEB0034752C /* Main.storyboard in Resources */ = {isa = PBXBuildFile; fileRef = A92400C31DCD0CEB0034752C /* Main.storyboard */; };
		A92400C71DCD0CEB0034752C /* Assets.xcassets in Resources */ = {isa = PBXBuildFile; fileRef = A92400C61DCD0CEB0034752C /* Assets.xcassets */; };
		A92400CA1DCD0CEB0034752C /* LaunchScreen.storyboard in Resources */ = {isa = PBXBuildFile; fileRef = A92400C81DCD0CEB0034752C /* LaunchScreen.storyboard */; };
		A94E47A91DD3B36200BF6CE2 /* FancyView.swift in Sources */ = {isa = PBXBuildFile; fileRef = A94E47A81DD3B36200BF6CE2 /* FancyView.swift */; };
		A94E47AC1DD3B3EB00BF6CE2 /* Constants.swift in Sources */ = {isa = PBXBuildFile; fileRef = A94E47AB1DD3B3EB00BF6CE2 /* Constants.swift */; };
		A94E47AE1DD3B63300BF6CE2 /* RoundBtn.swift in Sources */ = {isa = PBXBuildFile; fileRef = A94E47AD1DD3B63300BF6CE2 /* RoundBtn.swift */; };
		A94E47B01DD3B6B500BF6CE2 /* ShadowProt.swift in Sources */ = {isa = PBXBuildFile; fileRef = A94E47AF1DD3B6B500BF6CE2 /* ShadowProt.swift */; };
		A94E47B21DD3B9A700BF6CE2 /* FancyField.swift in Sources */ = {isa = PBXBuildFile; fileRef = A94E47B11DD3B9A700BF6CE2 /* FancyField.swift */; };
		A94E47B41DD3BB2E00BF6CE2 /* FancyBtn.swift in Sources */ = {isa = PBXBuildFile; fileRef = A94E47B31DD3BB2E00BF6CE2 /* FancyBtn.swift */; };
		A9E86ECC1DCD0F7300AEA40B /* GoogleService-Info.plist in Resources */ = {isa = PBXBuildFile; fileRef = A9E86ECB1DCD0F7300AEA40B /* GoogleService-Info.plist */; };
/* End PBXBuildFile section */

/* Begin PBXFileReference section */
		9AC3DBEFE0DEB543F1A40411 /* Pods-Social.debug.xcconfig */ = {isa = PBXFileReference; includeInIndex = 1; lastKnownFileType = text.xcconfig; name = "Pods-Social.debug.xcconfig"; path = "Pods/Target Support Files/Pods-Social/Pods-Social.debug.xcconfig"; sourceTree = "<group>"; };
		A92400BC1DCD0CEB0034752C /* Social.app */ = {isa = PBXFileReference; explicitFileType = wrapper.application; includeInIndex = 0; path = Social.app; sourceTree = BUILT_PRODUCTS_DIR; };
		A92400BF1DCD0CEB0034752C /* AppDelegate.swift */ = {isa = PBXFileReference; lastKnownFileType = sourcecode.swift; path = AppDelegate.swift; sourceTree = "<group>"; };
		A92400C11DCD0CEB0034752C /* SignInVC.swift */ = {isa = PBXFileReference; lastKnownFileType = sourcecode.swift; path = SignInVC.swift; sourceTree = "<group>"; };
		A92400C41DCD0CEB0034752C /* Base */ = {isa = PBXFileReference; lastKnownFileType = file.storyboard; name = Base; path = Base.lproj/Main.storyboard; sourceTree = "<group>"; };
		A92400C61DCD0CEB0034752C /* Assets.xcassets */ = {isa = PBXFileReference; lastKnownFileType = folder.assetcatalog; path = Assets.xcassets; sourceTree = "<group>"; };
		A92400C91DCD0CEB0034752C /* Base */ = {isa = PBXFileReference; lastKnownFileType = file.storyboard; name = Base; path = Base.lproj/LaunchScreen.storyboard; sourceTree = "<group>"; };
		A92400CB1DCD0CEB0034752C /* Info.plist */ = {isa = PBXFileReference; lastKnownFileType = text.plist.xml; path = Info.plist; sourceTree = "<group>"; };
		A94E47A81DD3B36200BF6CE2 /* FancyView.swift */ = {isa = PBXFileReference; fileEncoding = 4; lastKnownFileType = sourcecode.swift; path = FancyView.swift; sourceTree = "<group>"; };
		A94E47AB1DD3B3EB00BF6CE2 /* Constants.swift */ = {isa = PBXFileReference; fileEncoding = 4; lastKnownFileType = sourcecode.swift; path = Constants.swift; sourceTree = "<group>"; };
		A94E47AD1DD3B63300BF6CE2 /* RoundBtn.swift */ = {isa = PBXFileReference; fileEncoding = 4; lastKnownFileType = sourcecode.swift; path = RoundBtn.swift; sourceTree = "<group>"; };
		A94E47AF1DD3B6B500BF6CE2 /* ShadowProt.swift */ = {isa = PBXFileReference; fileEncoding = 4; lastKnownFileType = sourcecode.swift; path = ShadowProt.swift; sourceTree = "<group>"; };
		A94E47B11DD3B9A700BF6CE2 /* FancyField.swift */ = {isa = PBXFileReference; fileEncoding = 4; lastKnownFileType = sourcecode.swift; path = FancyField.swift; sourceTree = "<group>"; };
		A94E47B31DD3BB2E00BF6CE2 /* FancyBtn.swift */ = {isa = PBXFileReference; fileEncoding = 4; lastKnownFileType = sourcecode.swift; path = FancyBtn.swift; sourceTree = "<group>"; };
		A9E86ECB1DCD0F7300AEA40B /* GoogleService-Info.plist */ = {isa = PBXFileReference; fileEncoding = 4; lastKnownFileType = text.plist.xml; path = "GoogleService-Info.plist"; sourceTree = "<group>"; };
		B8DBB5BE27929DC75A829C30 /* Pods_Social.framework */ = {isa = PBXFileReference; explicitFileType = wrapper.framework; includeInIndex = 0; path = Pods_Social.framework; sourceTree = BUILT_PRODUCTS_DIR; };
		EC3A97EE6E7BB1E35B2EF6EA /* Pods-Social.release.xcconfig */ = {isa = PBXFileReference; includeInIndex = 1; lastKnownFileType = text.xcconfig; name = "Pods-Social.release.xcconfig"; path = "Pods/Target Support Files/Pods-Social/Pods-Social.release.xcconfig"; sourceTree = "<group>"; };
/* End PBXFileReference section */

/* Begin PBXFrameworksBuildPhase section */
		A92400B91DCD0CEA0034752C /* Frameworks */ = {
			isa = PBXFrameworksBuildPhase;
			buildActionMask = 2147483647;
			files = (
				6D75F0FB75F86018E3E13353 /* Pods_Social.framework in Frameworks */,
			);
			runOnlyForDeploymentPostprocessing = 0;
		};
/* End PBXFrameworksBuildPhase section */

/* Begin PBXGroup section */
		A92400B31DCD0CEA0034752C = {
			isa = PBXGroup;
			children = (
				A92400BE1DCD0CEB0034752C /* Social */,
				A92400BD1DCD0CEB0034752C /* Products */,
				AED75F54788D807A392AEEA5 /* Pods */,
				FEBFEA0E70055449F85FE9DA /* Frameworks */,
			);
			sourceTree = "<group>";
		};
		A92400BD1DCD0CEB0034752C /* Products */ = {
			isa = PBXGroup;
			children = (
				A92400BC1DCD0CEB0034752C /* Social.app */,
			);
			name = Products;
			sourceTree = "<group>";
		};
		A92400BE1DCD0CEB0034752C /* Social */ = {
			isa = PBXGroup;
			children = (
				A94E47AA1DD3B3DB00BF6CE2 /* Util */,
				A9B9F0511DCD11AA00F29499 /* Model */,
				A9B9F0501DCD11A500F29499 /* View */,
				A9B9F04F1DCD119900F29499 /* Controller */,
				A92400BF1DCD0CEB0034752C /* AppDelegate.swift */,
				A92400C31DCD0CEB0034752C /* Main.storyboard */,
				A92400C61DCD0CEB0034752C /* Assets.xcassets */,
				A92400C81DCD0CEB0034752C /* LaunchScreen.storyboard */,
				A92400CB1DCD0CEB0034752C /* Info.plist */,
				A9E86ECB1DCD0F7300AEA40B /* GoogleService-Info.plist */,
			);
			path = Social;
			sourceTree = "<group>";
		};
		A94E47AA1DD3B3DB00BF6CE2 /* Util */ = {
			isa = PBXGroup;
			children = (
				A94E47AB1DD3B3EB00BF6CE2 /* Constants.swift */,
				A94E47AF1DD3B6B500BF6CE2 /* ShadowProt.swift */,
			);
			name = Util;
			sourceTree = "<group>";
		};
		A9B9F04F1DCD119900F29499 /* Controller */ = {
			isa = PBXGroup;
			children = (
				A92400C11DCD0CEB0034752C /* SignInVC.swift */,
			);
			name = Controller;
			sourceTree = "<group>";
		};
		A9B9F0501DCD11A500F29499 /* View */ = {
			isa = PBXGroup;
			children = (
				A94E47A81DD3B36200BF6CE2 /* FancyView.swift */,
				A94E47AD1DD3B63300BF6CE2 /* RoundBtn.swift */,
				A94E47B11DD3B9A700BF6CE2 /* FancyField.swift */,
				A94E47B31DD3BB2E00BF6CE2 /* FancyBtn.swift */,
			);
			name = View;
			sourceTree = "<group>";
		};
		A9B9F0511DCD11AA00F29499 /* Model */ = {
			isa = PBXGroup;
			children = (
			);
			name = Model;
			sourceTree = "<group>";
		};
		AED75F54788D807A392AEEA5 /* Pods */ = {
			isa = PBXGroup;
			children = (
				9AC3DBEFE0DEB543F1A40411 /* Pods-Social.debug.xcconfig */,
				EC3A97EE6E7BB1E35B2EF6EA /* Pods-Social.release.xcconfig */,
			);
			name = Pods;
			sourceTree = "<group>";
		};
		FEBFEA0E70055449F85FE9DA /* Frameworks */ = {
			isa = PBXGroup;
			children = (
				B8DBB5BE27929DC75A829C30 /* Pods_Social.framework */,
			);
			name = Frameworks;
			sourceTree = "<group>";
		};
/* End PBXGroup section */

/* Begin PBXNativeTarget section */
		A92400BB1DCD0CEA0034752C /* Social */ = {
			isa = PBXNativeTarget;
			buildConfigurationList = A92400CE1DCD0CEB0034752C /* Build configuration list for PBXNativeTarget "Social" */;
			buildPhases = (
				F810563D724886B8E807D0AB /* [CP] Check Pods Manifest.lock */,
				A92400B81DCD0CEA0034752C /* Sources */,
				A92400B91DCD0CEA0034752C /* Frameworks */,
				A92400BA1DCD0CEA0034752C /* Resources */,
				1F97374B75051BA265BA1CA0 /* [CP] Embed Pods Frameworks */,
				807AC60F6B5E3D18C83AB078 /* [CP] Copy Pods Resources */,
			);
			buildRules = (
			);
			dependencies = (
			);
			name = Social;
			productName = Social;
			productReference = A92400BC1DCD0CEB0034752C /* Social.app */;
			productType = "com.apple.product-type.application";
		};
/* End PBXNativeTarget section */

/* Begin PBXProject section */
		A92400B41DCD0CEA0034752C /* Project object */ = {
			isa = PBXProject;
			attributes = {
				LastSwiftUpdateCheck = 0800;
				LastUpgradeCheck = 0800;
				ORGANIZATIONNAME = "2AM App Labs";
				TargetAttributes = {
					A92400BB1DCD0CEA0034752C = {
						CreatedOnToolsVersion = 8.0;
						DevelopmentTeam = 2N4D8AB7GA;
						ProvisioningStyle = Automatic;
					};
				};
			};
			buildConfigurationList = A92400B71DCD0CEA0034752C /* Build configuration list for PBXProject "Social" */;
			compatibilityVersion = "Xcode 3.2";
			developmentRegion = English;
			hasScannedForEncodings = 0;
			knownRegions = (
				en,
				Base,
			);
			mainGroup = A92400B31DCD0CEA0034752C;
			productRefGroup = A92400BD1DCD0CEB0034752C /* Products */;
			projectDirPath = "";
			projectRoot = "";
			targets = (
				A92400BB1DCD0CEA0034752C /* Social */,
			);
		};
/* End PBXProject section */

/* Begin PBXResourcesBuildPhase section */
		A92400BA1DCD0CEA0034752C /* Resources */ = {
			isa = PBXResourcesBuildPhase;
			buildActionMask = 2147483647;
			files = (
				A92400CA1DCD0CEB0034752C /* LaunchScreen.storyboard in Resources */,
				A9E86ECC1DCD0F7300AEA40B /* GoogleService-Info.plist in Resources */,
				A92400C71DCD0CEB0034752C /* Assets.xcassets in Resources */,
				A92400C51DCD0CEB0034752C /* Main.storyboard in Resources */,
			);
			runOnlyForDeploymentPostprocessing = 0;
		};
/* End PBXResourcesBuildPhase section */

/* Begin PBXShellScriptBuildPhase section */
		1F97374B75051BA265BA1CA0 /* [CP] Embed Pods Frameworks */ = {
			isa = PBXShellScriptBuildPhase;
			buildActionMask = 2147483647;
			files = (
			);
			inputPaths = (
			);
			name = "[CP] Embed Pods Frameworks";
			outputPaths = (
			);
			runOnlyForDeploymentPostprocessing = 0;
			shellPath = /bin/sh;
			shellScript = "\"${SRCROOT}/Pods/Target Support Files/Pods-Social/Pods-Social-frameworks.sh\"\n";
			showEnvVarsInLog = 0;
		};
		807AC60F6B5E3D18C83AB078 /* [CP] Copy Pods Resources */ = {
			isa = PBXShellScriptBuildPhase;
			buildActionMask = 2147483647;
			files = (
			);
			inputPaths = (
			);
			name = "[CP] Copy Pods Resources";
			outputPaths = (
			);
			runOnlyForDeploymentPostprocessing = 0;
			shellPath = /bin/sh;
			shellScript = "\"${SRCROOT}/Pods/Target Support Files/Pods-Social/Pods-Social-resources.sh\"\n";
			showEnvVarsInLog = 0;
		};
		F810563D724886B8E807D0AB /* [CP] Check Pods Manifest.lock */ = {
			isa = PBXShellScriptBuildPhase;
			buildActionMask = 2147483647;
			files = (
			);
			inputPaths = (
			);
			name = "[CP] Check Pods Manifest.lock";
			outputPaths = (
			);
			runOnlyForDeploymentPostprocessing = 0;
			shellPath = /bin/sh;
			shellScript = "diff \"${PODS_ROOT}/../Podfile.lock\" \"${PODS_ROOT}/Manifest.lock\" > /dev/null\nif [[ $? != 0 ]] ; then\n    cat << EOM\nerror: The sandbox is not in sync with the Podfile.lock. Run 'pod install' or update your CocoaPods installation.\nEOM\n    exit 1\nfi\n";
			showEnvVarsInLog = 0;
		};
/* End PBXShellScriptBuildPhase section */

/* Begin PBXSourcesBuildPhase section */
		A92400B81DCD0CEA0034752C /* Sources */ = {
			isa = PBXSourcesBuildPhase;
			buildActionMask = 2147483647;
			files = (
				A92400C21DCD0CEB0034752C /* SignInVC.swift in Sources */,
				A94E47AE1DD3B63300BF6CE2 /* RoundBtn.swift in Sources */,
				A94E47B01DD3B6B500BF6CE2 /* ShadowProt.swift in Sources */,
				A92400C01DCD0CEB0034752C /* AppDelegate.swift in Sources */,
				A94E47A91DD3B36200BF6CE2 /* FancyView.swift in Sources */,
				A94E47B21DD3B9A700BF6CE2 /* FancyField.swift in Sources */,
				A94E47B41DD3BB2E00BF6CE2 /* FancyBtn.swift in Sources */,
				A94E47AC1DD3B3EB00BF6CE2 /* Constants.swift in Sources */,
			);
			runOnlyForDeploymentPostprocessing = 0;
		};
/* End PBXSourcesBuildPhase section */

/* Begin PBXVariantGroup section */
		A92400C31DCD0CEB0034752C /* Main.storyboard */ = {
			isa = PBXVariantGroup;
			children = (
				A92400C41DCD0CEB0034752C /* Base */,
			);
			name = Main.storyboard;
			sourceTree = "<group>";
		};
		A92400C81DCD0CEB0034752C /* LaunchScreen.storyboard */ = {
			isa = PBXVariantGroup;
			children = (
				A92400C91DCD0CEB0034752C /* Base */,
			);
			name = LaunchScreen.storyboard;
			sourceTree = "<group>";
		};
/* End PBXVariantGroup section */

/* Begin XCBuildConfiguration section */
		A92400CC1DCD0CEB0034752C /* Debug */ = {
			isa = XCBuildConfiguration;
			buildSettings = {
				ALWAYS_SEARCH_USER_PATHS = NO;
				CLANG_ANALYZER_NONNULL = YES;
				CLANG_CXX_LANGUAGE_STANDARD = "gnu++0x";
				CLANG_CXX_LIBRARY = "libc++";
				CLANG_ENABLE_MODULES = YES;
				CLANG_ENABLE_OBJC_ARC = YES;
				CLANG_WARN_BOOL_CONVERSION = YES;
				CLANG_WARN_CONSTANT_CONVERSION = YES;
				CLANG_WARN_DIRECT_OBJC_ISA_USAGE = YES_ERROR;
				CLANG_WARN_DOCUMENTATION_COMMENTS = YES;
				CLANG_WARN_EMPTY_BODY = YES;
				CLANG_WARN_ENUM_CONVERSION = YES;
				CLANG_WARN_INFINITE_RECURSION = YES;
				CLANG_WARN_INT_CONVERSION = YES;
				CLANG_WARN_OBJC_ROOT_CLASS = YES_ERROR;
				CLANG_WARN_SUSPICIOUS_MOVES = YES;
				CLANG_WARN_UNREACHABLE_CODE = YES;
				CLANG_WARN__DUPLICATE_METHOD_MATCH = YES;
				"CODE_SIGN_IDENTITY[sdk=iphoneos*]" = "iPhone Developer";
				COPY_PHASE_STRIP = NO;
				DEBUG_INFORMATION_FORMAT = dwarf;
				ENABLE_STRICT_OBJC_MSGSEND = YES;
				ENABLE_TESTABILITY = YES;
				GCC_C_LANGUAGE_STANDARD = gnu99;
				GCC_DYNAMIC_NO_PIC = NO;
				GCC_NO_COMMON_BLOCKS = YES;
				GCC_OPTIMIZATION_LEVEL = 0;
				GCC_PREPROCESSOR_DEFINITIONS = (
					"DEBUG=1",
					"$(inherited)",
				);
				GCC_WARN_64_TO_32_BIT_CONVERSION = YES;
				GCC_WARN_ABOUT_RETURN_TYPE = YES_ERROR;
				GCC_WARN_UNDECLARED_SELECTOR = YES;
				GCC_WARN_UNINITIALIZED_AUTOS = YES_AGGRESSIVE;
				GCC_WARN_UNUSED_FUNCTION = YES;
				GCC_WARN_UNUSED_VARIABLE = YES;
				IPHONEOS_DEPLOYMENT_TARGET = 10.0;
				MTL_ENABLE_DEBUG_INFO = YES;
				ONLY_ACTIVE_ARCH = YES;
				SDKROOT = iphoneos;
				SWIFT_ACTIVE_COMPILATION_CONDITIONS = DEBUG;
				SWIFT_OPTIMIZATION_LEVEL = "-Onone";
				TARGETED_DEVICE_FAMILY = "1,2";
			};
			name = Debug;
		};
		A92400CD1DCD0CEB0034752C /* Release */ = {
			isa = XCBuildConfiguration;
			buildSettings = {
				ALWAYS_SEARCH_USER_PATHS = NO;
				CLANG_ANALYZER_NONNULL = YES;
				CLANG_CXX_LANGUAGE_STANDARD = "gnu++0x";
				CLANG_CXX_LIBRARY = "libc++";
				CLANG_ENABLE_MODULES = YES;
				CLANG_ENABLE_OBJC_ARC = YES;
				CLANG_WARN_BOOL_CONVERSION = YES;
				CLANG_WARN_CONSTANT_CONVERSION = YES;
				CLANG_WARN_DIRECT_OBJC_ISA_USAGE = YES_ERROR;
				CLANG_WARN_DOCUMENTATION_COMMENTS = YES;
				CLANG_WARN_EMPTY_BODY = YES;
				CLANG_WARN_ENUM_CONVERSION = YES;
				CLANG_WARN_INFINITE_RECURSION = YES;
				CLANG_WARN_INT_CONVERSION = YES;
				CLANG_WARN_OBJC_ROOT_CLASS = YES_ERROR;
				CLANG_WARN_SUSPICIOUS_MOVES = YES;
				CLANG_WARN_UNREACHABLE_CODE = YES;
				CLANG_WARN__DUPLICATE_METHOD_MATCH = YES;
				"CODE_SIGN_IDENTITY[sdk=iphoneos*]" = "iPhone Developer";
				COPY_PHASE_STRIP = NO;
				DEBUG_INFORMATION_FORMAT = "dwarf-with-dsym";
				ENABLE_NS_ASSERTIONS = NO;
				ENABLE_STRICT_OBJC_MSGSEND = YES;
				GCC_C_LANGUAGE_STANDARD = gnu99;
				GCC_NO_COMMON_BLOCKS = YES;
				GCC_WARN_64_TO_32_BIT_CONVERSION = YES;
				GCC_WARN_ABOUT_RETURN_TYPE = YES_ERROR;
				GCC_WARN_UNDECLARED_SELECTOR = YES;
				GCC_WARN_UNINITIALIZED_AUTOS = YES_AGGRESSIVE;
				GCC_WARN_UNUSED_FUNCTION = YES;
				GCC_WARN_UNUSED_VARIABLE = YES;
				IPHONEOS_DEPLOYMENT_TARGET = 10.0;
				MTL_ENABLE_DEBUG_INFO = NO;
				SDKROOT = iphoneos;
				SWIFT_OPTIMIZATION_LEVEL = "-Owholemodule";
				TARGETED_DEVICE_FAMILY = "1,2";
				VALIDATE_PRODUCT = YES;
			};
			name = Release;
		};
		A92400CF1DCD0CEB0034752C /* Debug */ = {
			isa = XCBuildConfiguration;
			baseConfigurationReference = 9AC3DBEFE0DEB543F1A40411 /* Pods-Social.debug.xcconfig */;
			buildSettings = {
				ASSETCATALOG_COMPILER_APPICON_NAME = AppIcon;
				DEVELOPMENT_TEAM = 2N4D8AB7GA;
				INFOPLIST_FILE = Social/Info.plist;
				LD_RUNPATH_SEARCH_PATHS = "$(inherited) @executable_path/Frameworks";
				PRODUCT_BUNDLE_IDENTIFIER = com.2AMAppLabs.Social;
				PRODUCT_NAME = "$(TARGET_NAME)";
				SWIFT_VERSION = 3.0;
			};
			name = Debug;
		};
		A92400D01DCD0CEB0034752C /* Release */ = {
			isa = XCBuildConfiguration;
			baseConfigurationReference = EC3A97EE6E7BB1E35B2EF6EA /* Pods-Social.release.xcconfig */;
			buildSettings = {
				ASSETCATALOG_COMPILER_APPICON_NAME = AppIcon;
				DEVELOPMENT_TEAM = 2N4D8AB7GA;
				INFOPLIST_FILE = Social/Info.plist;
				LD_RUNPATH_SEARCH_PATHS = "$(inherited) @executable_path/Frameworks";
				PRODUCT_BUNDLE_IDENTIFIER = com.2AMAppLabs.Social;
				PRODUCT_NAME = "$(TARGET_NAME)";
				SWIFT_VERSION = 3.0;
			};
			name = Release;
		};
/* End XCBuildConfiguration section */

/* Begin XCConfigurationList section */
		A92400B71DCD0CEA0034752C /* Build configuration list for PBXProject "Social" */ = {
			isa = XCConfigurationList;
			buildConfigurations = (
				A92400CC1DCD0CEB0034752C /* Debug */,
				A92400CD1DCD0CEB0034752C /* Release */,
			);
			defaultConfigurationIsVisible = 0;
			defaultConfigurationName = Release;
		};
		A92400CE1DCD0CEB0034752C /* Build configuration list for PBXNativeTarget "Social" */ = {
			isa = XCConfigurationList;
			buildConfigurations = (
				A92400CF1DCD0CEB0034752C /* Debug */,
				A92400D01DCD0CEB0034752C /* Release */,
			);
			defaultConfigurationIsVisible = 0;
			defaultConfigurationName = Release;
		};
/* End XCConfigurationList section */
	};
	rootObject = A92400B41DCD0CEA0034752C /* Project object */;
}
